
Microsoft Visual Studio Solution File, Format Version 12.00
# Visual Studio Version 17
VisualStudioVersion = 17.0.31903.59
MinimumVisualStudioVersion = 10.0.40219.1
Project("{FAE04EC0-301F-11D3-BF4B-00C04F79EFBC}") = "LocalPlayer", "LocalPlayer\LocalPlayer.csproj", "{513F2C5F-DA10-45AB-84C0-650E0CEE91A2}"
EndProject
Project("{FAE04EC0-301F-11D3-BF4B-00C04F79EFBC}") = "Core", "Core\Core.csproj", "{899CC538-92CD-463B-8A72-2B952155AC07}"
EndProject
Project("{FAE04EC0-301F-11D3-BF4B-00C04F79EFBC}") = "CLI", "CLI\CLI.csproj", "{DE21F1FB-704E-4371-8CFB-5DEED23F43F3}"
EndProject
Project("{FAE04EC0-301F-11D3-BF4B-00C04F79EFBC}") = "TUI", "TUI\TUI.csproj", "{088C8D92-6FFB-4E78-9237-6D82FB49286C}"
EndProject
Project("{FAE04EC0-301F-11D3-BF4B-00C04F79EFBC}") = "SpotifyPlayer", "SpotifyPlayer\SpotifyPlayer.csproj", "{282FDC13-10C2-4239-B913-F0A7A671F647}"
EndProject
Global
	GlobalSection(SolutionConfigurationPlatforms) = preSolution
		Debug|Any CPU = Debug|Any CPU
		Debug|x64 = Debug|x64
		Debug|x86 = Debug|x86
		Release|Any CPU = Release|Any CPU
		Release|x64 = Release|x64
		Release|x86 = Release|x86
	EndGlobalSection
	GlobalSection(ProjectConfigurationPlatforms) = postSolution
		{513F2C5F-DA10-45AB-84C0-650E0CEE91A2}.Debug|Any CPU.ActiveCfg = Debug|Any CPU
		{513F2C5F-DA10-45AB-84C0-650E0CEE91A2}.Debug|Any CPU.Build.0 = Debug|Any CPU
		{513F2C5F-DA10-45AB-84C0-650E0CEE91A2}.Debug|x64.ActiveCfg = Debug|Any CPU
		{513F2C5F-DA10-45AB-84C0-650E0CEE91A2}.Debug|x64.Build.0 = Debug|Any CPU
		{513F2C5F-DA10-45AB-84C0-650E0CEE91A2}.Debug|x86.ActiveCfg = Debug|Any CPU
		{513F2C5F-DA10-45AB-84C0-650E0CEE91A2}.Debug|x86.Build.0 = Debug|Any CPU
		{513F2C5F-DA10-45AB-84C0-650E0CEE91A2}.Release|Any CPU.ActiveCfg = Release|Any CPU
		{513F2C5F-DA10-45AB-84C0-650E0CEE91A2}.Release|Any CPU.Build.0 = Release|Any CPU
		{513F2C5F-DA10-45AB-84C0-650E0CEE91A2}.Release|x64.ActiveCfg = Release|Any CPU
		{513F2C5F-DA10-45AB-84C0-650E0CEE91A2}.Release|x64.Build.0 = Release|Any CPU
		{513F2C5F-DA10-45AB-84C0-650E0CEE91A2}.Release|x86.ActiveCfg = Release|Any CPU
		{513F2C5F-DA10-45AB-84C0-650E0CEE91A2}.Release|x86.Build.0 = Release|Any CPU
		{899CC538-92CD-463B-8A72-2B952155AC07}.Debug|Any CPU.ActiveCfg = Debug|Any CPU
		{899CC538-92CD-463B-8A72-2B952155AC07}.Debug|Any CPU.Build.0 = Debug|Any CPU
		{899CC538-92CD-463B-8A72-2B952155AC07}.Debug|x64.ActiveCfg = Debug|Any CPU
		{899CC538-92CD-463B-8A72-2B952155AC07}.Debug|x64.Build.0 = Debug|Any CPU
		{899CC538-92CD-463B-8A72-2B952155AC07}.Debug|x86.ActiveCfg = Debug|Any CPU
		{899CC538-92CD-463B-8A72-2B952155AC07}.Debug|x86.Build.0 = Debug|Any CPU
		{899CC538-92CD-463B-8A72-2B952155AC07}.Release|Any CPU.ActiveCfg = Release|Any CPU
		{899CC538-92CD-463B-8A72-2B952155AC07}.Release|Any CPU.Build.0 = Release|Any CPU
		{899CC538-92CD-463B-8A72-2B952155AC07}.Release|x64.ActiveCfg = Release|Any CPU
		{899CC538-92CD-463B-8A72-2B952155AC07}.Release|x64.Build.0 = Release|Any CPU
		{899CC538-92CD-463B-8A72-2B952155AC07}.Release|x86.ActiveCfg = Release|Any CPU
		{899CC538-92CD-463B-8A72-2B952155AC07}.Release|x86.Build.0 = Release|Any CPU
		{DE21F1FB-704E-4371-8CFB-5DEED23F43F3}.Debug|Any CPU.ActiveCfg = Debug|Any CPU
		{DE21F1FB-704E-4371-8CFB-5DEED23F43F3}.Debug|Any CPU.Build.0 = Debug|Any CPU
		{DE21F1FB-704E-4371-8CFB-5DEED23F43F3}.Debug|x64.ActiveCfg = Debug|Any CPU
		{DE21F1FB-704E-4371-8CFB-5DEED23F43F3}.Debug|x64.Build.0 = Debug|Any CPU
		{DE21F1FB-704E-4371-8CFB-5DEED23F43F3}.Debug|x86.ActiveCfg = Debug|Any CPU
		{DE21F1FB-704E-4371-8CFB-5DEED23F43F3}.Debug|x86.Build.0 = Debug|Any CPU
		{DE21F1FB-704E-4371-8CFB-5DEED23F43F3}.Release|Any CPU.ActiveCfg = Release|Any CPU
		{DE21F1FB-704E-4371-8CFB-5DEED23F43F3}.Release|Any CPU.Build.0 = Release|Any CPU
		{DE21F1FB-704E-4371-8CFB-5DEED23F43F3}.Release|x64.ActiveCfg = Release|Any CPU
		{DE21F1FB-704E-4371-8CFB-5DEED23F43F3}.Release|x64.Build.0 = Release|Any CPU
		{DE21F1FB-704E-4371-8CFB-5DEED23F43F3}.Release|x86.ActiveCfg = Release|Any CPU
		{DE21F1FB-704E-4371-8CFB-5DEED23F43F3}.Release|x86.Build.0 = Release|Any CPU
		{088C8D92-6FFB-4E78-9237-6D82FB49286C}.Debug|Any CPU.ActiveCfg = Debug|Any CPU
		{088C8D92-6FFB-4E78-9237-6D82FB49286C}.Debug|Any CPU.Build.0 = Debug|Any CPU
		{088C8D92-6FFB-4E78-9237-6D82FB49286C}.Debug|x64.ActiveCfg = Debug|Any CPU
		{088C8D92-6FFB-4E78-9237-6D82FB49286C}.Debug|x64.Build.0 = Debug|Any CPU
		{088C8D92-6FFB-4E78-9237-6D82FB49286C}.Debug|x86.ActiveCfg = Debug|Any CPU
		{088C8D92-6FFB-4E78-9237-6D82FB49286C}.Debug|x86.Build.0 = Debug|Any CPU
		{088C8D92-6FFB-4E78-9237-6D82FB49286C}.Release|Any CPU.ActiveCfg = Release|Any CPU
		{088C8D92-6FFB-4E78-9237-6D82FB49286C}.Release|Any CPU.Build.0 = Release|Any CPU
		{088C8D92-6FFB-4E78-9237-6D82FB49286C}.Release|x64.ActiveCfg = Release|Any CPU
		{088C8D92-6FFB-4E78-9237-6D82FB49286C}.Release|x64.Build.0 = Release|Any CPU
		{088C8D92-6FFB-4E78-9237-6D82FB49286C}.Release|x86.ActiveCfg = Release|Any CPU
		{088C8D92-6FFB-4E78-9237-6D82FB49286C}.Release|x86.Build.0 = Release|Any CPU
		{282FDC13-10C2-4239-B913-F0A7A671F647}.Debug|Any CPU.ActiveCfg = Debug|Any CPU
		{282FDC13-10C2-4239-B913-F0A7A671F647}.Debug|Any CPU.Build.0 = Debug|Any CPU
		{282FDC13-10C2-4239-B913-F0A7A671F647}.Debug|x64.ActiveCfg = Debug|Any CPU
		{282FDC13-10C2-4239-B913-F0A7A671F647}.Debug|x64.Build.0 = Debug|Any CPU
		{282FDC13-10C2-4239-B913-F0A7A671F647}.Debug|x86.ActiveCfg = Debug|Any CPU
		{282FDC13-10C2-4239-B913-F0A7A671F647}.Debug|x86.Build.0 = Debug|Any CPU
		{282FDC13-10C2-4239-B913-F0A7A671F647}.Release|Any CPU.ActiveCfg = Release|Any CPU
		{282FDC13-10C2-4239-B913-F0A7A671F647}.Release|Any CPU.Build.0 = Release|Any CPU
		{282FDC13-10C2-4239-B913-F0A7A671F647}.Release|x64.ActiveCfg = Release|Any CPU
		{282FDC13-10C2-4239-B913-F0A7A671F647}.Release|x64.Build.0 = Release|Any CPU
		{282FDC13-10C2-4239-B913-F0A7A671F647}.Release|x86.ActiveCfg = Release|Any CPU
		{282FDC13-10C2-4239-B913-F0A7A671F647}.Release|x86.Build.0 = Release|Any CPU
	EndGlobalSection
	GlobalSection(SolutionProperties) = preSolution
		HideSolutionNode = FALSE
	EndGlobalSection
EndGlobal
